{
  "requires": true,
  "lockfileVersion": 1,
  "dependencies": {
    "ssi-uploader": {
      "version": "1.3.11",
      "resolved": "https://registry.npmjs.org/ssi-uploader/-/ssi-uploader-1.3.11.tgz",
      "integrity": "sha512-2kiWcEhkTtJ9IBv0tGdPGnATGZaGQS4BXAW1pERxYbJUIAD06dVuwMIKPhBSq7SL/S52756N35vzsSh2Us+7jw=="
    }
  }
}
